
Microsoft Visual Studio Solution File, Format Version 12.00
# Visual Studio 2012
Project("{FAE04EC0-301F-11D3-BF4B-00C04F79EFBC}") = "Kazuk.T4Adonet", "Kazuk.T4Adonet\Kazuk.T4Adonet.csproj", "{DFC8BF16-35D2-4446-9096-F2D733136C92}"
EndProject
Global
	GlobalSection(SolutionConfigurationPlatforms) = preSolution
		Debug|Any CPU = Debug|Any CPU
		Release|Any CPU = Release|Any CPU
	EndGlobalSection
	GlobalSection(ProjectConfigurationPlatforms) = postSolution
		{DFC8BF16-35D2-4446-9096-F2D733136C92}.Debug|Any CPU.ActiveCfg = Debug|Any CPU
		{DFC8BF16-35D2-4446-9096-F2D733136C92}.Debug|Any CPU.Build.0 = Debug|Any CPU
		{DFC8BF16-35D2-4446-9096-F2D733136C92}.Release|Any CPU.ActiveCfg = Release|Any CPU
		{DFC8BF16-35D2-4446-9096-F2D733136C92}.Release|Any CPU.Build.0 = Release|Any CPU
	EndGlobalSection
	GlobalSection(SolutionProperties) = preSolution
		HideSolutionNode = FALSE
	EndGlobalSection
EndGlobal
